
Microsoft Visual Studio Solution File, Format Version 12.00
Project("{2150E333-8FDC-42A3-9474-1A3956D46DE8}") = "Build", "Build", "{69F2E7E1-BD7F-4DA7-BEA8-0C83409BB40A}"
EndProject
Project("{2150E333-8FDC-42A3-9474-1A3956D46DE8}") = "Source", "Source", "{4045DD95-4079-4D08-8FAB-DE2A88DCF3FA}"
EndProject
Project("{FAE04EC0-301F-11D3-BF4B-00C04F79EFBC}") = "StreamInstruments.DataAccess", "src\StreamInstruments.DataAccess\StreamInstruments.DataAccess.csproj", "{13ADBC9F-05D7-4E5B-88D6-0A349EDEC737}"
EndProject
Project("{FAE04EC0-301F-11D3-BF4B-00C04F79EFBC}") = "StreamInstruments.DataObjects", "src\StreamInstruments.DataObjects\StreamInstruments.DataObjects.csproj", "{9964FD8E-643C-4ADC-A38D-AE162DB85DB5}"
EndProject
Project("{2150E333-8FDC-42A3-9474-1A3956D46DE8}") = "DataLogic", "DataLogic", "{28AB441D-62A9-4E48-AD0F-7229F77DCE65}"
EndProject
Project("{2150E333-8FDC-42A3-9474-1A3956D46DE8}") = "Hubs", "Hubs", "{E2BCF354-F842-4597-B1D6-9F80BEC9FB56}"
EndProject
Project("{FAE04EC0-301F-11D3-BF4B-00C04F79EFBC}") = "StreamInstruments.Hubs.Twitch", "src\StreamInstruments.Hubs.Twitch\StreamInstruments.Hubs.Twitch.csproj", "{70906740-6C50-464D-8097-A173D4CEE06B}"
EndProject
Project("{FAE04EC0-301F-11D3-BF4B-00C04F79EFBC}") = "StreamInstruments.Hubs.Api", "src\StreamInstruments.Hubs.Api\StreamInstruments.Hubs.Api.csproj", "{C2401B42-B9E8-405E-8830-6549F83ED4B3}"
EndProject
Project("{2150E333-8FDC-42A3-9474-1A3956D46DE8}") = "API", "API", "{0CDE5D41-4005-4980-9D65-0C7D283B126B}"
EndProject
Project("{2150E333-8FDC-42A3-9474-1A3956D46DE8}") = "Twitch", "Twitch", "{79AC094A-6E67-4D04-8229-73763C9ECC06}"
EndProject
Project("{2150E333-8FDC-42A3-9474-1A3956D46DE8}") = "Common", "Common", "{E627F2F4-A728-4D64-85D1-59C1EA5C064A}"
EndProject
Project("{2150E333-8FDC-42A3-9474-1A3956D46DE8}") = "Commands", "Commands", "{CF3EC7FE-97CA-4CDE-ACB5-BC35CB5137A3}"
EndProject
Project("{FAE04EC0-301F-11D3-BF4B-00C04F79EFBC}") = "StreamInstruments.Hubs.Commands.Domain", "src\StreamInstruments.Hubs.Commands.Domain\StreamInstruments.Hubs.Commands.Domain.csproj", "{BAEB17F1-4693-4E78-BBCF-A3444553EA56}"
EndProject
Project("{FAE04EC0-301F-11D3-BF4B-00C04F79EFBC}") = "StreamInstruments.Hubs.Commands.SecondaryPorts", "src\StreamInstruments.Hubs.Commands.SecondaryPorts\StreamInstruments.Hubs.Commands.SecondaryPorts.csproj", "{3F569B19-02F0-4DDB-8351-27E3DA3CAFB2}"
EndProject
Project("{FAE04EC0-301F-11D3-BF4B-00C04F79EFBC}") = "StreamInstruments.Hubs.Commands.Modules", "src\StreamInstruments.Hubs.Commands.Modules\StreamInstruments.Hubs.Commands.Modules.csproj", "{C7BCFE87-33F8-44B1-826D-DF54477D206A}"
EndProject
Project("{FAE04EC0-301F-11D3-BF4B-00C04F79EFBC}") = "StreamInstruments.Hubs.Commands.Infrastructure", "src\StreamInstruments.Hubs.Commands.Infrastructure\StreamInstruments.Hubs.Commands.Infrastructure.csproj", "{F52EEF86-0F41-4921-AD5B-68EFEBCA9325}"
EndProject
Project("{FAE04EC0-301F-11D3-BF4B-00C04F79EFBC}") = "StreamInstruments.Hubs.Api.Domain", "src\StreamInstruments.Hubs.Api.Domain\StreamInstruments.Hubs.Api.Domain.csproj", "{BB782F23-A780-4CA8-93AC-7248878B777F}"
EndProject
Project("{FAE04EC0-301F-11D3-BF4B-00C04F79EFBC}") = "StreamInstruments.Hubs.Api.SecondaryPorts", "src\StreamInstruments.Hubs.Api.SecondaryPorts\StreamInstruments.Hubs.Api.SecondaryPorts.csproj", "{704ABDC7-CAF2-45C1-B13F-3D733A7B8AF2}"
EndProject
Project("{FAE04EC0-301F-11D3-BF4B-00C04F79EFBC}") = "StreamInstruments.Hubs.Api.Infrastructure", "src\StreamInstruments.Hubs.Api.Infrastructure\StreamInstruments.Hubs.Api.Infrastructure.csproj", "{F4B72D81-4BEB-48AD-B31F-AF247A2AF30B}"
EndProject
Project("{2150E333-8FDC-42A3-9474-1A3956D46DE8}") = "Tests", "Tests", "{9E13D521-1D26-4477-8C19-88D636FC2177}"
EndProject
Project("{2150E333-8FDC-42A3-9474-1A3956D46DE8}") = "Tests", "Tests", "{0AB51FEC-F34A-4843-8707-CD095CF344F2}"
EndProject
Project("{FAE04EC0-301F-11D3-BF4B-00C04F79EFBC}") = "StreamInstruments.DataAccess.Tests", "tests\StreamInstruments.DataAccess.Tests\StreamInstruments.DataAccess.Tests.csproj", "{9A62AA43-E9A9-4021-ADBB-79B868A2D1AD}"
EndProject
Project("{2150E333-8FDC-42A3-9474-1A3956D46DE8}") = "Tests", "Tests", "{7E594ECC-656F-48F8-A693-9C0AD7041FEC}"
EndProject
Project("{FAE04EC0-301F-11D3-BF4B-00C04F79EFBC}") = "StreamInstruments.Hubs.Api.Tests", "tests\StreamInstruments.Hubs.Api.Tests\StreamInstruments.Hubs.Api.Tests.csproj", "{2C0E784F-131E-4FD9-BF6F-43CEBEB67F71}"
EndProject
Project("{FAE04EC0-301F-11D3-BF4B-00C04F79EFBC}") = "StreamInstruments.Hubs.Api.Domain.Tests", "tests\StreamInstruments.Hubs.Api.Domain.Tests\StreamInstruments.Hubs.Api.Domain.Tests.csproj", "{CEFE6AB6-4A28-4656-AB90-7D7798BE2CD4}"
EndProject
Project("{FAE04EC0-301F-11D3-BF4B-00C04F79EFBC}") = "StreamInstruments.Hubs.Api.Infrastructure.Tests", "tests\StreamInstruments.Hubs.Api.Infrastructure.Tests\StreamInstruments.Hubs.Api.Infrastructure.Tests.csproj", "{032619B0-8328-4318-BD54-FFC9C7D17E99}"
EndProject
Project("{2150E333-8FDC-42A3-9474-1A3956D46DE8}") = "Tests", "Tests", "{B6CC8188-257C-4370-A27D-F9DB01C323BE}"
EndProject
Project("{FAE04EC0-301F-11D3-BF4B-00C04F79EFBC}") = "StreamInstruments.Hubs.Commands.Domain.Tests", "tests\StreamInstruments.Hubs.Commands.Domain.Tests\StreamInstruments.Hubs.Commands.Domain.Tests.csproj", "{09B822D9-BA6E-4472-985F-2BC79220AEB6}"
EndProject
Project("{FAE04EC0-301F-11D3-BF4B-00C04F79EFBC}") = "StreamInstruments.Hubs.Commands.Infrastructure.Tests", "tests\StreamInstruments.Hubs.Commands.Infrastructure.Tests\StreamInstruments.Hubs.Commands.Infrastructure.Tests.csproj", "{B4DF2F26-7D7B-4B7F-A387-FAE88DF03D3E}"
EndProject
Project("{FAE04EC0-301F-11D3-BF4B-00C04F79EFBC}") = "StreamInstruments.Hubs.Commands.Modules.Tests", "tests\StreamInstruments.Hubs.Commands.Modules.Tests\StreamInstruments.Hubs.Commands.Modules.Tests.csproj", "{FE0A3173-DDA4-419F-8F8E-F4EF62B469E3}"
EndProject
Project("{FAE04EC0-301F-11D3-BF4B-00C04F79EFBC}") = "StreamInstruments.Common", "src\StreamInstruments.Common\StreamInstruments.Common.csproj", "{AF8C66F1-2CA9-442F-951A-F9A9E85D8CFF}"
EndProject
Project("{FAE04EC0-301F-11D3-BF4B-00C04F79EFBC}") = "StreamInstruments.Helpers", "src\StreamInstruments.Helpers\StreamInstruments.Helpers.csproj", "{482E57AC-2F87-4AEC-9D66-9F0F5E30E923}"
EndProject
Project("{FAE04EC0-301F-11D3-BF4B-00C04F79EFBC}") = "StreamInstruments.Extensions", "src\StreamInstruments.Extensions\StreamInstruments.Extensions.csproj", "{9E7B98C7-8860-49E5-827E-3731431B8F78}"
EndProject
Project("{FAE04EC0-301F-11D3-BF4B-00C04F79EFBC}") = "StreamInstruments.Helpers.Tests", "tests\StreamInstruments.Helpers.Tests\StreamInstruments.Helpers.Tests.csproj", "{049648AB-EEC1-4A7D-8E8C-32A9EA3847D3}"
EndProject
Project("{FAE04EC0-301F-11D3-BF4B-00C04F79EFBC}") = "StreamInstruments.Extensions.Tests", "tests\StreamInstruments.Extensions.Tests\StreamInstruments.Extensions.Tests.csproj", "{3707D683-821F-4C5E-BDA5-A8742AEF4024}"
EndProject
Project("{FAE04EC0-301F-11D3-BF4B-00C04F79EFBC}") = "StreamInstruments.Validation.Core", "src\StreamInstruments.Validation.Core\StreamInstruments.Validation.Core.csproj", "{4EB31F47-B2ED-4094-B7C0-73C4AB18B5C5}"
EndProject
Project("{FAE04EC0-301F-11D3-BF4B-00C04F79EFBC}") = "StreamInstruments.Hubs.Api.Validation", "src\StreamInstruments.Hubs.Api.Validation\StreamInstruments.Hubs.Api.Validation.csproj", "{05BEFA8A-7251-4689-AD92-17F905BEA3BA}"
EndProject
Project("{FAE04EC0-301F-11D3-BF4B-00C04F79EFBC}") = "StreamInstruments.Interfaces", "src\StreamInstruments.Interfaces\StreamInstruments.Interfaces.csproj", "{DB5FCFBC-034A-43EC-B237-62EF3217A174}"
EndProject
Project("{FAE04EC0-301F-11D3-BF4B-00C04F79EFBC}") = "StreamInstruments.Models", "src\StreamInstruments.Models\StreamInstruments.Models.csproj", "{09080369-2DC7-4CD7-ABB2-0D3C9E04EC67}"
EndProject
Project("{2150E333-8FDC-42A3-9474-1A3956D46DE8}") = "Services", "Services", "{19C36CE1-5F09-4A6C-9859-7ED6F7E90CFD}"
EndProject
Project("{FAE04EC0-301F-11D3-BF4B-00C04F79EFBC}") = "StreamInstruments.Services.Common", "src\StreamInstruments.Services.Common\StreamInstruments.Services.Common.csproj", "{2A9CD001-84D0-4660-A472-5BF09146F26D}"
EndProject
Global
	GlobalSection(SolutionConfigurationPlatforms) = preSolution
		Debug|Any CPU = Debug|Any CPU
		Release|Any CPU = Release|Any CPU
	EndGlobalSection
	GlobalSection(NestedProjects) = preSolution
		{28AB441D-62A9-4E48-AD0F-7229F77DCE65} = {4045DD95-4079-4D08-8FAB-DE2A88DCF3FA}
		{13ADBC9F-05D7-4E5B-88D6-0A349EDEC737} = {28AB441D-62A9-4E48-AD0F-7229F77DCE65}
		{9964FD8E-643C-4ADC-A38D-AE162DB85DB5} = {28AB441D-62A9-4E48-AD0F-7229F77DCE65}
		{E2BCF354-F842-4597-B1D6-9F80BEC9FB56} = {4045DD95-4079-4D08-8FAB-DE2A88DCF3FA}
		{0CDE5D41-4005-4980-9D65-0C7D283B126B} = {E2BCF354-F842-4597-B1D6-9F80BEC9FB56}
		{C2401B42-B9E8-405E-8830-6549F83ED4B3} = {0CDE5D41-4005-4980-9D65-0C7D283B126B}
		{79AC094A-6E67-4D04-8229-73763C9ECC06} = {E2BCF354-F842-4597-B1D6-9F80BEC9FB56}
		{70906740-6C50-464D-8097-A173D4CEE06B} = {79AC094A-6E67-4D04-8229-73763C9ECC06}
		{E627F2F4-A728-4D64-85D1-59C1EA5C064A} = {4045DD95-4079-4D08-8FAB-DE2A88DCF3FA}
		{CF3EC7FE-97CA-4CDE-ACB5-BC35CB5137A3} = {E2BCF354-F842-4597-B1D6-9F80BEC9FB56}
		{BAEB17F1-4693-4E78-BBCF-A3444553EA56} = {CF3EC7FE-97CA-4CDE-ACB5-BC35CB5137A3}
		{3F569B19-02F0-4DDB-8351-27E3DA3CAFB2} = {CF3EC7FE-97CA-4CDE-ACB5-BC35CB5137A3}
		{C7BCFE87-33F8-44B1-826D-DF54477D206A} = {CF3EC7FE-97CA-4CDE-ACB5-BC35CB5137A3}
		{F52EEF86-0F41-4921-AD5B-68EFEBCA9325} = {CF3EC7FE-97CA-4CDE-ACB5-BC35CB5137A3}
		{BB782F23-A780-4CA8-93AC-7248878B777F} = {0CDE5D41-4005-4980-9D65-0C7D283B126B}
		{704ABDC7-CAF2-45C1-B13F-3D733A7B8AF2} = {0CDE5D41-4005-4980-9D65-0C7D283B126B}
		{F4B72D81-4BEB-48AD-B31F-AF247A2AF30B} = {0CDE5D41-4005-4980-9D65-0C7D283B126B}
		{9E13D521-1D26-4477-8C19-88D636FC2177} = {E627F2F4-A728-4D64-85D1-59C1EA5C064A}
		{0AB51FEC-F34A-4843-8707-CD095CF344F2} = {28AB441D-62A9-4E48-AD0F-7229F77DCE65}
		{9A62AA43-E9A9-4021-ADBB-79B868A2D1AD} = {0AB51FEC-F34A-4843-8707-CD095CF344F2}
		{7E594ECC-656F-48F8-A693-9C0AD7041FEC} = {0CDE5D41-4005-4980-9D65-0C7D283B126B}
		{2C0E784F-131E-4FD9-BF6F-43CEBEB67F71} = {7E594ECC-656F-48F8-A693-9C0AD7041FEC}
		{CEFE6AB6-4A28-4656-AB90-7D7798BE2CD4} = {7E594ECC-656F-48F8-A693-9C0AD7041FEC}
		{032619B0-8328-4318-BD54-FFC9C7D17E99} = {7E594ECC-656F-48F8-A693-9C0AD7041FEC}
		{B6CC8188-257C-4370-A27D-F9DB01C323BE} = {CF3EC7FE-97CA-4CDE-ACB5-BC35CB5137A3}
		{09B822D9-BA6E-4472-985F-2BC79220AEB6} = {B6CC8188-257C-4370-A27D-F9DB01C323BE}
		{B4DF2F26-7D7B-4B7F-A387-FAE88DF03D3E} = {B6CC8188-257C-4370-A27D-F9DB01C323BE}
		{FE0A3173-DDA4-419F-8F8E-F4EF62B469E3} = {B6CC8188-257C-4370-A27D-F9DB01C323BE}
		{AF8C66F1-2CA9-442F-951A-F9A9E85D8CFF} = {E627F2F4-A728-4D64-85D1-59C1EA5C064A}
		{482E57AC-2F87-4AEC-9D66-9F0F5E30E923} = {E627F2F4-A728-4D64-85D1-59C1EA5C064A}
		{9E7B98C7-8860-49E5-827E-3731431B8F78} = {E627F2F4-A728-4D64-85D1-59C1EA5C064A}
		{049648AB-EEC1-4A7D-8E8C-32A9EA3847D3} = {9E13D521-1D26-4477-8C19-88D636FC2177}
		{3707D683-821F-4C5E-BDA5-A8742AEF4024} = {9E13D521-1D26-4477-8C19-88D636FC2177}
		{4EB31F47-B2ED-4094-B7C0-73C4AB18B5C5} = {E627F2F4-A728-4D64-85D1-59C1EA5C064A}
		{05BEFA8A-7251-4689-AD92-17F905BEA3BA} = {0CDE5D41-4005-4980-9D65-0C7D283B126B}
		{DB5FCFBC-034A-43EC-B237-62EF3217A174} = {E627F2F4-A728-4D64-85D1-59C1EA5C064A}
		{09080369-2DC7-4CD7-ABB2-0D3C9E04EC67} = {E627F2F4-A728-4D64-85D1-59C1EA5C064A}
		{19C36CE1-5F09-4A6C-9859-7ED6F7E90CFD} = {4045DD95-4079-4D08-8FAB-DE2A88DCF3FA}
		{2A9CD001-84D0-4660-A472-5BF09146F26D} = {19C36CE1-5F09-4A6C-9859-7ED6F7E90CFD}
	EndGlobalSection
	GlobalSection(ProjectConfigurationPlatforms) = postSolution
		{13ADBC9F-05D7-4E5B-88D6-0A349EDEC737}.Debug|Any CPU.ActiveCfg = Debug|Any CPU
		{13ADBC9F-05D7-4E5B-88D6-0A349EDEC737}.Debug|Any CPU.Build.0 = Debug|Any CPU
		{13ADBC9F-05D7-4E5B-88D6-0A349EDEC737}.Release|Any CPU.ActiveCfg = Release|Any CPU
		{13ADBC9F-05D7-4E5B-88D6-0A349EDEC737}.Release|Any CPU.Build.0 = Release|Any CPU
		{9964FD8E-643C-4ADC-A38D-AE162DB85DB5}.Debug|Any CPU.ActiveCfg = Debug|Any CPU
		{9964FD8E-643C-4ADC-A38D-AE162DB85DB5}.Debug|Any CPU.Build.0 = Debug|Any CPU
		{9964FD8E-643C-4ADC-A38D-AE162DB85DB5}.Release|Any CPU.ActiveCfg = Release|Any CPU
		{9964FD8E-643C-4ADC-A38D-AE162DB85DB5}.Release|Any CPU.Build.0 = Release|Any CPU
		{70906740-6C50-464D-8097-A173D4CEE06B}.Debug|Any CPU.ActiveCfg = Debug|Any CPU
		{70906740-6C50-464D-8097-A173D4CEE06B}.Debug|Any CPU.Build.0 = Debug|Any CPU
		{70906740-6C50-464D-8097-A173D4CEE06B}.Release|Any CPU.ActiveCfg = Release|Any CPU
		{70906740-6C50-464D-8097-A173D4CEE06B}.Release|Any CPU.Build.0 = Release|Any CPU
		{C2401B42-B9E8-405E-8830-6549F83ED4B3}.Debug|Any CPU.ActiveCfg = Debug|Any CPU
		{C2401B42-B9E8-405E-8830-6549F83ED4B3}.Debug|Any CPU.Build.0 = Debug|Any CPU
		{C2401B42-B9E8-405E-8830-6549F83ED4B3}.Release|Any CPU.ActiveCfg = Release|Any CPU
		{C2401B42-B9E8-405E-8830-6549F83ED4B3}.Release|Any CPU.Build.0 = Release|Any CPU
		{BAEB17F1-4693-4E78-BBCF-A3444553EA56}.Debug|Any CPU.ActiveCfg = Debug|Any CPU
		{BAEB17F1-4693-4E78-BBCF-A3444553EA56}.Debug|Any CPU.Build.0 = Debug|Any CPU
		{BAEB17F1-4693-4E78-BBCF-A3444553EA56}.Release|Any CPU.ActiveCfg = Release|Any CPU
		{BAEB17F1-4693-4E78-BBCF-A3444553EA56}.Release|Any CPU.Build.0 = Release|Any CPU
		{3F569B19-02F0-4DDB-8351-27E3DA3CAFB2}.Debug|Any CPU.ActiveCfg = Debug|Any CPU
		{3F569B19-02F0-4DDB-8351-27E3DA3CAFB2}.Debug|Any CPU.Build.0 = Debug|Any CPU
		{3F569B19-02F0-4DDB-8351-27E3DA3CAFB2}.Release|Any CPU.ActiveCfg = Release|Any CPU
		{3F569B19-02F0-4DDB-8351-27E3DA3CAFB2}.Release|Any CPU.Build.0 = Release|Any CPU
		{C7BCFE87-33F8-44B1-826D-DF54477D206A}.Debug|Any CPU.ActiveCfg = Debug|Any CPU
		{C7BCFE87-33F8-44B1-826D-DF54477D206A}.Debug|Any CPU.Build.0 = Debug|Any CPU
		{C7BCFE87-33F8-44B1-826D-DF54477D206A}.Release|Any CPU.ActiveCfg = Release|Any CPU
		{C7BCFE87-33F8-44B1-826D-DF54477D206A}.Release|Any CPU.Build.0 = Release|Any CPU
		{F52EEF86-0F41-4921-AD5B-68EFEBCA9325}.Debug|Any CPU.ActiveCfg = Debug|Any CPU
		{F52EEF86-0F41-4921-AD5B-68EFEBCA9325}.Debug|Any CPU.Build.0 = Debug|Any CPU
		{F52EEF86-0F41-4921-AD5B-68EFEBCA9325}.Release|Any CPU.ActiveCfg = Release|Any CPU
		{F52EEF86-0F41-4921-AD5B-68EFEBCA9325}.Release|Any CPU.Build.0 = Release|Any CPU
		{BB782F23-A780-4CA8-93AC-7248878B777F}.Debug|Any CPU.ActiveCfg = Debug|Any CPU
		{BB782F23-A780-4CA8-93AC-7248878B777F}.Debug|Any CPU.Build.0 = Debug|Any CPU
		{BB782F23-A780-4CA8-93AC-7248878B777F}.Release|Any CPU.ActiveCfg = Release|Any CPU
		{BB782F23-A780-4CA8-93AC-7248878B777F}.Release|Any CPU.Build.0 = Release|Any CPU
		{704ABDC7-CAF2-45C1-B13F-3D733A7B8AF2}.Debug|Any CPU.ActiveCfg = Debug|Any CPU
		{704ABDC7-CAF2-45C1-B13F-3D733A7B8AF2}.Debug|Any CPU.Build.0 = Debug|Any CPU
		{704ABDC7-CAF2-45C1-B13F-3D733A7B8AF2}.Release|Any CPU.ActiveCfg = Release|Any CPU
		{704ABDC7-CAF2-45C1-B13F-3D733A7B8AF2}.Release|Any CPU.Build.0 = Release|Any CPU
		{F4B72D81-4BEB-48AD-B31F-AF247A2AF30B}.Debug|Any CPU.ActiveCfg = Debug|Any CPU
		{F4B72D81-4BEB-48AD-B31F-AF247A2AF30B}.Debug|Any CPU.Build.0 = Debug|Any CPU
		{F4B72D81-4BEB-48AD-B31F-AF247A2AF30B}.Release|Any CPU.ActiveCfg = Release|Any CPU
		{F4B72D81-4BEB-48AD-B31F-AF247A2AF30B}.Release|Any CPU.Build.0 = Release|Any CPU
		{9A62AA43-E9A9-4021-ADBB-79B868A2D1AD}.Debug|Any CPU.ActiveCfg = Debug|Any CPU
		{9A62AA43-E9A9-4021-ADBB-79B868A2D1AD}.Debug|Any CPU.Build.0 = Debug|Any CPU
		{9A62AA43-E9A9-4021-ADBB-79B868A2D1AD}.Release|Any CPU.ActiveCfg = Release|Any CPU
		{9A62AA43-E9A9-4021-ADBB-79B868A2D1AD}.Release|Any CPU.Build.0 = Release|Any CPU
		{2C0E784F-131E-4FD9-BF6F-43CEBEB67F71}.Debug|Any CPU.ActiveCfg = Debug|Any CPU
		{2C0E784F-131E-4FD9-BF6F-43CEBEB67F71}.Debug|Any CPU.Build.0 = Debug|Any CPU
		{2C0E784F-131E-4FD9-BF6F-43CEBEB67F71}.Release|Any CPU.ActiveCfg = Release|Any CPU
		{2C0E784F-131E-4FD9-BF6F-43CEBEB67F71}.Release|Any CPU.Build.0 = Release|Any CPU
		{CEFE6AB6-4A28-4656-AB90-7D7798BE2CD4}.Debug|Any CPU.ActiveCfg = Debug|Any CPU
		{CEFE6AB6-4A28-4656-AB90-7D7798BE2CD4}.Debug|Any CPU.Build.0 = Debug|Any CPU
		{CEFE6AB6-4A28-4656-AB90-7D7798BE2CD4}.Release|Any CPU.ActiveCfg = Release|Any CPU
		{CEFE6AB6-4A28-4656-AB90-7D7798BE2CD4}.Release|Any CPU.Build.0 = Release|Any CPU
		{032619B0-8328-4318-BD54-FFC9C7D17E99}.Debug|Any CPU.ActiveCfg = Debug|Any CPU
		{032619B0-8328-4318-BD54-FFC9C7D17E99}.Debug|Any CPU.Build.0 = Debug|Any CPU
		{032619B0-8328-4318-BD54-FFC9C7D17E99}.Release|Any CPU.ActiveCfg = Release|Any CPU
		{032619B0-8328-4318-BD54-FFC9C7D17E99}.Release|Any CPU.Build.0 = Release|Any CPU
		{09B822D9-BA6E-4472-985F-2BC79220AEB6}.Debug|Any CPU.ActiveCfg = Debug|Any CPU
		{09B822D9-BA6E-4472-985F-2BC79220AEB6}.Debug|Any CPU.Build.0 = Debug|Any CPU
		{09B822D9-BA6E-4472-985F-2BC79220AEB6}.Release|Any CPU.ActiveCfg = Release|Any CPU
		{09B822D9-BA6E-4472-985F-2BC79220AEB6}.Release|Any CPU.Build.0 = Release|Any CPU
		{B4DF2F26-7D7B-4B7F-A387-FAE88DF03D3E}.Debug|Any CPU.ActiveCfg = Debug|Any CPU
		{B4DF2F26-7D7B-4B7F-A387-FAE88DF03D3E}.Debug|Any CPU.Build.0 = Debug|Any CPU
		{B4DF2F26-7D7B-4B7F-A387-FAE88DF03D3E}.Release|Any CPU.ActiveCfg = Release|Any CPU
		{B4DF2F26-7D7B-4B7F-A387-FAE88DF03D3E}.Release|Any CPU.Build.0 = Release|Any CPU
		{FE0A3173-DDA4-419F-8F8E-F4EF62B469E3}.Debug|Any CPU.ActiveCfg = Debug|Any CPU
		{FE0A3173-DDA4-419F-8F8E-F4EF62B469E3}.Debug|Any CPU.Build.0 = Debug|Any CPU
		{FE0A3173-DDA4-419F-8F8E-F4EF62B469E3}.Release|Any CPU.ActiveCfg = Release|Any CPU
		{FE0A3173-DDA4-419F-8F8E-F4EF62B469E3}.Release|Any CPU.Build.0 = Release|Any CPU
		{AF8C66F1-2CA9-442F-951A-F9A9E85D8CFF}.Debug|Any CPU.ActiveCfg = Debug|Any CPU
		{AF8C66F1-2CA9-442F-951A-F9A9E85D8CFF}.Debug|Any CPU.Build.0 = Debug|Any CPU
		{AF8C66F1-2CA9-442F-951A-F9A9E85D8CFF}.Release|Any CPU.ActiveCfg = Release|Any CPU
		{AF8C66F1-2CA9-442F-951A-F9A9E85D8CFF}.Release|Any CPU.Build.0 = Release|Any CPU
		{482E57AC-2F87-4AEC-9D66-9F0F5E30E923}.Debug|Any CPU.ActiveCfg = Debug|Any CPU
		{482E57AC-2F87-4AEC-9D66-9F0F5E30E923}.Debug|Any CPU.Build.0 = Debug|Any CPU
		{482E57AC-2F87-4AEC-9D66-9F0F5E30E923}.Release|Any CPU.ActiveCfg = Release|Any CPU
		{482E57AC-2F87-4AEC-9D66-9F0F5E30E923}.Release|Any CPU.Build.0 = Release|Any CPU
		{9E7B98C7-8860-49E5-827E-3731431B8F78}.Debug|Any CPU.ActiveCfg = Debug|Any CPU
		{9E7B98C7-8860-49E5-827E-3731431B8F78}.Debug|Any CPU.Build.0 = Debug|Any CPU
		{9E7B98C7-8860-49E5-827E-3731431B8F78}.Release|Any CPU.ActiveCfg = Release|Any CPU
		{9E7B98C7-8860-49E5-827E-3731431B8F78}.Release|Any CPU.Build.0 = Release|Any CPU
		{049648AB-EEC1-4A7D-8E8C-32A9EA3847D3}.Debug|Any CPU.ActiveCfg = Debug|Any CPU
		{049648AB-EEC1-4A7D-8E8C-32A9EA3847D3}.Debug|Any CPU.Build.0 = Debug|Any CPU
		{049648AB-EEC1-4A7D-8E8C-32A9EA3847D3}.Release|Any CPU.ActiveCfg = Release|Any CPU
		{049648AB-EEC1-4A7D-8E8C-32A9EA3847D3}.Release|Any CPU.Build.0 = Release|Any CPU
		{3707D683-821F-4C5E-BDA5-A8742AEF4024}.Debug|Any CPU.ActiveCfg = Debug|Any CPU
		{3707D683-821F-4C5E-BDA5-A8742AEF4024}.Debug|Any CPU.Build.0 = Debug|Any CPU
		{3707D683-821F-4C5E-BDA5-A8742AEF4024}.Release|Any CPU.ActiveCfg = Release|Any CPU
		{3707D683-821F-4C5E-BDA5-A8742AEF4024}.Release|Any CPU.Build.0 = Release|Any CPU
		{4EB31F47-B2ED-4094-B7C0-73C4AB18B5C5}.Debug|Any CPU.ActiveCfg = Debug|Any CPU
		{4EB31F47-B2ED-4094-B7C0-73C4AB18B5C5}.Debug|Any CPU.Build.0 = Debug|Any CPU
		{4EB31F47-B2ED-4094-B7C0-73C4AB18B5C5}.Release|Any CPU.ActiveCfg = Release|Any CPU
		{4EB31F47-B2ED-4094-B7C0-73C4AB18B5C5}.Release|Any CPU.Build.0 = Release|Any CPU
		{05BEFA8A-7251-4689-AD92-17F905BEA3BA}.Debug|Any CPU.ActiveCfg = Debug|Any CPU
		{05BEFA8A-7251-4689-AD92-17F905BEA3BA}.Debug|Any CPU.Build.0 = Debug|Any CPU
		{05BEFA8A-7251-4689-AD92-17F905BEA3BA}.Release|Any CPU.ActiveCfg = Release|Any CPU
		{05BEFA8A-7251-4689-AD92-17F905BEA3BA}.Release|Any CPU.Build.0 = Release|Any CPU
		{DB5FCFBC-034A-43EC-B237-62EF3217A174}.Debug|Any CPU.ActiveCfg = Debug|Any CPU
		{DB5FCFBC-034A-43EC-B237-62EF3217A174}.Debug|Any CPU.Build.0 = Debug|Any CPU
		{DB5FCFBC-034A-43EC-B237-62EF3217A174}.Release|Any CPU.ActiveCfg = Release|Any CPU
		{DB5FCFBC-034A-43EC-B237-62EF3217A174}.Release|Any CPU.Build.0 = Release|Any CPU
		{09080369-2DC7-4CD7-ABB2-0D3C9E04EC67}.Debug|Any CPU.ActiveCfg = Debug|Any CPU
		{09080369-2DC7-4CD7-ABB2-0D3C9E04EC67}.Debug|Any CPU.Build.0 = Debug|Any CPU
		{09080369-2DC7-4CD7-ABB2-0D3C9E04EC67}.Release|Any CPU.ActiveCfg = Release|Any CPU
		{09080369-2DC7-4CD7-ABB2-0D3C9E04EC67}.Release|Any CPU.Build.0 = Release|Any CPU
		{2A9CD001-84D0-4660-A472-5BF09146F26D}.Debug|Any CPU.ActiveCfg = Debug|Any CPU
		{2A9CD001-84D0-4660-A472-5BF09146F26D}.Debug|Any CPU.Build.0 = Debug|Any CPU
		{2A9CD001-84D0-4660-A472-5BF09146F26D}.Release|Any CPU.ActiveCfg = Release|Any CPU
		{2A9CD001-84D0-4660-A472-5BF09146F26D}.Release|Any CPU.Build.0 = Release|Any CPU
	EndGlobalSection
EndGlobal
